# Generated by buf. DO NOT EDIT.
version: v1
deps:
  - remote: buf.build
    owner: restatedev
    repository: proto
    commit: 4de69fd4bcad4d829ebe7643a6f461d1
    digest: shake256:d9e8a43e890ecbc53822abd7bff03367697f588f815b9beddc1e34675c886549ef262a1e91c8a678db31a7b18979f88ceb98d7017c79fab0ebb81062740f996e
