# Generated by buf. DO NOT EDIT.
version: v1
deps:
  - remote: buf.build
    owner: restatedev
    repository: proto
    commit: 6ea2d15aed8f408590a1465844df5a8e
    digest: shake256:e6599809ff13490a631f87d1a4b13ef1886d1bd1c0aa001ccb92806c0acc373d047a6ead761f8a21dfbd57a4fd9acd5915a52e47bd5b4e4a02dd1766f78511b3
