# Generated by buf. DO NOT EDIT.
version: v1
deps:
  - remote: buf.build
    owner: restatedev
    repository: proto
    commit: 4c536701ef5348ecbf3cd1ef6cf825fc
    digest: shake256:0fdebe27d9653dc31f9951623e0c8dc68a161d2b55146cc22c0501d2bccb22d49ab9b2b80c8f4de8827c4ba168119296f14d323eed5162ef63f128803cc64f47
